
Microsoft Visual Studio Solution File, Format Version 12.00
# Visual Studio Version 16
VisualStudioVersion = 16.0.29306.81
MinimumVisualStudioVersion = 15.0.26124.0
Project("{9A19103F-16F7-4668-BE54-9A1E7A4F7556}") = "MergeO", "MergeO.csproj", "{507CD5AC-F821-4372-AC0C-3D31574E15E4}"
EndProject
Project("{9A19103F-16F7-4668-BE54-9A1E7A4F7556}") = "MergeO.Contracts", "MergeO.Contracts\MergeO.Contracts.csproj", "{E9640A4D-1F02-47FE-9ABB-D14B433491DE}"
EndProject
Project("{9A19103F-16F7-4668-BE54-9A1E7A4F7556}") = "MergeO.Mocks", "MergeO.Mocks\MergeO.Mocks.csproj", "{D91B2AFE-1AFE-4CD7-94DE-A89D00824958}"
EndProject
Project("{9A19103F-16F7-4668-BE54-9A1E7A4F7556}") = "MergeO.UnitTests", "MergeO.UnitTests\MergeO.UnitTests.csproj", "{52498CE6-5B5E-442B-A049-D862C9852F8B}"
EndProject
Global
	GlobalSection(SolutionConfigurationPlatforms) = preSolution
		Debug|Any CPU = Debug|Any CPU
		Debug|x64 = Debug|x64
		Debug|x86 = Debug|x86
		Release|Any CPU = Release|Any CPU
		Release|x64 = Release|x64
		Release|x86 = Release|x86
	EndGlobalSection
	GlobalSection(ProjectConfigurationPlatforms) = postSolution
		{507CD5AC-F821-4372-AC0C-3D31574E15E4}.Debug|Any CPU.ActiveCfg = Debug|Any CPU
		{507CD5AC-F821-4372-AC0C-3D31574E15E4}.Debug|Any CPU.Build.0 = Debug|Any CPU
		{507CD5AC-F821-4372-AC0C-3D31574E15E4}.Debug|x64.ActiveCfg = Debug|Any CPU
		{507CD5AC-F821-4372-AC0C-3D31574E15E4}.Debug|x64.Build.0 = Debug|Any CPU
		{507CD5AC-F821-4372-AC0C-3D31574E15E4}.Debug|x86.ActiveCfg = Debug|Any CPU
		{507CD5AC-F821-4372-AC0C-3D31574E15E4}.Debug|x86.Build.0 = Debug|Any CPU
		{507CD5AC-F821-4372-AC0C-3D31574E15E4}.Release|Any CPU.ActiveCfg = Release|Any CPU
		{507CD5AC-F821-4372-AC0C-3D31574E15E4}.Release|Any CPU.Build.0 = Release|Any CPU
		{507CD5AC-F821-4372-AC0C-3D31574E15E4}.Release|x64.ActiveCfg = Release|Any CPU
		{507CD5AC-F821-4372-AC0C-3D31574E15E4}.Release|x64.Build.0 = Release|Any CPU
		{507CD5AC-F821-4372-AC0C-3D31574E15E4}.Release|x86.ActiveCfg = Release|Any CPU
		{507CD5AC-F821-4372-AC0C-3D31574E15E4}.Release|x86.Build.0 = Release|Any CPU
		{E9640A4D-1F02-47FE-9ABB-D14B433491DE}.Debug|Any CPU.ActiveCfg = Debug|Any CPU
		{E9640A4D-1F02-47FE-9ABB-D14B433491DE}.Debug|Any CPU.Build.0 = Debug|Any CPU
		{E9640A4D-1F02-47FE-9ABB-D14B433491DE}.Debug|x64.ActiveCfg = Debug|Any CPU
		{E9640A4D-1F02-47FE-9ABB-D14B433491DE}.Debug|x64.Build.0 = Debug|Any CPU
		{E9640A4D-1F02-47FE-9ABB-D14B433491DE}.Debug|x86.ActiveCfg = Debug|Any CPU
		{E9640A4D-1F02-47FE-9ABB-D14B433491DE}.Debug|x86.Build.0 = Debug|Any CPU
		{E9640A4D-1F02-47FE-9ABB-D14B433491DE}.Release|Any CPU.ActiveCfg = Release|Any CPU
		{E9640A4D-1F02-47FE-9ABB-D14B433491DE}.Release|Any CPU.Build.0 = Release|Any CPU
		{E9640A4D-1F02-47FE-9ABB-D14B433491DE}.Release|x64.ActiveCfg = Release|Any CPU
		{E9640A4D-1F02-47FE-9ABB-D14B433491DE}.Release|x64.Build.0 = Release|Any CPU
		{E9640A4D-1F02-47FE-9ABB-D14B433491DE}.Release|x86.ActiveCfg = Release|Any CPU
		{E9640A4D-1F02-47FE-9ABB-D14B433491DE}.Release|x86.Build.0 = Release|Any CPU
		{D91B2AFE-1AFE-4CD7-94DE-A89D00824958}.Debug|Any CPU.ActiveCfg = Debug|Any CPU
		{D91B2AFE-1AFE-4CD7-94DE-A89D00824958}.Debug|Any CPU.Build.0 = Debug|Any CPU
		{D91B2AFE-1AFE-4CD7-94DE-A89D00824958}.Debug|x64.ActiveCfg = Debug|Any CPU
		{D91B2AFE-1AFE-4CD7-94DE-A89D00824958}.Debug|x64.Build.0 = Debug|Any CPU
		{D91B2AFE-1AFE-4CD7-94DE-A89D00824958}.Debug|x86.ActiveCfg = Debug|Any CPU
		{D91B2AFE-1AFE-4CD7-94DE-A89D00824958}.Debug|x86.Build.0 = Debug|Any CPU
		{D91B2AFE-1AFE-4CD7-94DE-A89D00824958}.Release|Any CPU.ActiveCfg = Release|Any CPU
		{D91B2AFE-1AFE-4CD7-94DE-A89D00824958}.Release|Any CPU.Build.0 = Release|Any CPU
		{D91B2AFE-1AFE-4CD7-94DE-A89D00824958}.Release|x64.ActiveCfg = Release|Any CPU
		{D91B2AFE-1AFE-4CD7-94DE-A89D00824958}.Release|x64.Build.0 = Release|Any CPU
		{D91B2AFE-1AFE-4CD7-94DE-A89D00824958}.Release|x86.ActiveCfg = Release|Any CPU
		{D91B2AFE-1AFE-4CD7-94DE-A89D00824958}.Release|x86.Build.0 = Release|Any CPU
		{52498CE6-5B5E-442B-A049-D862C9852F8B}.Debug|Any CPU.ActiveCfg = Debug|Any CPU
		{52498CE6-5B5E-442B-A049-D862C9852F8B}.Debug|Any CPU.Build.0 = Debug|Any CPU
		{52498CE6-5B5E-442B-A049-D862C9852F8B}.Debug|x64.ActiveCfg = Debug|Any CPU
		{52498CE6-5B5E-442B-A049-D862C9852F8B}.Debug|x64.Build.0 = Debug|Any CPU
		{52498CE6-5B5E-442B-A049-D862C9852F8B}.Debug|x86.ActiveCfg = Debug|Any CPU
		{52498CE6-5B5E-442B-A049-D862C9852F8B}.Debug|x86.Build.0 = Debug|Any CPU
		{52498CE6-5B5E-442B-A049-D862C9852F8B}.Release|Any CPU.ActiveCfg = Release|Any CPU
		{52498CE6-5B5E-442B-A049-D862C9852F8B}.Release|Any CPU.Build.0 = Release|Any CPU
		{52498CE6-5B5E-442B-A049-D862C9852F8B}.Release|x64.ActiveCfg = Release|Any CPU
		{52498CE6-5B5E-442B-A049-D862C9852F8B}.Release|x64.Build.0 = Release|Any CPU
		{52498CE6-5B5E-442B-A049-D862C9852F8B}.Release|x86.ActiveCfg = Release|Any CPU
		{52498CE6-5B5E-442B-A049-D862C9852F8B}.Release|x86.Build.0 = Release|Any CPU
	EndGlobalSection
	GlobalSection(SolutionProperties) = preSolution
		HideSolutionNode = FALSE
	EndGlobalSection
	GlobalSection(ExtensibilityGlobals) = postSolution
		SolutionGuid = {1F8FA0E8-AE5F-41F1-B02D-58B0E326734A}
	EndGlobalSection
EndGlobal
